
Microsoft Visual Studio Solution File, Format Version 12.00
# Visual Studio Version 17
VisualStudioVersion = 17.2.32616.157
MinimumVisualStudioVersion = 10.0.40219.1
Project("{FAE04EC0-301F-11D3-BF4B-00C04F79EFBC}") = "OperatorExcercise", "OperatorExcercise\OperatorExcercise.csproj", "{45387E2D-CE8D-4570-8F47-B28276329598}"
EndProject
Global
	GlobalSection(SolutionConfigurationPlatforms) = preSolution
		Debug|Any CPU = Debug|Any CPU
		Release|Any CPU = Release|Any CPU
	EndGlobalSection
	GlobalSection(ProjectConfigurationPlatforms) = postSolution
		{45387E2D-CE8D-4570-8F47-B28276329598}.Debug|Any CPU.ActiveCfg = Debug|Any CPU
		{45387E2D-CE8D-4570-8F47-B28276329598}.Debug|Any CPU.Build.0 = Debug|Any CPU
		{45387E2D-CE8D-4570-8F47-B28276329598}.Release|Any CPU.ActiveCfg = Release|Any CPU
		{45387E2D-CE8D-4570-8F47-B28276329598}.Release|Any CPU.Build.0 = Release|Any CPU
	EndGlobalSection
	GlobalSection(SolutionProperties) = preSolution
		HideSolutionNode = FALSE
	EndGlobalSection
	GlobalSection(ExtensibilityGlobals) = postSolution
		SolutionGuid = {E179C96B-323A-40AC-AD4C-CD49162D6596}
	EndGlobalSection
EndGlobal
